
Microsoft Visual Studio Solution File, Format Version 12.00
# Visual Studio Version 17
VisualStudioVersion = 17.3.32929.385
MinimumVisualStudioVersion = 10.0.40219.1
Project("{FAE04EC0-301F-11D3-BF4B-00C04F79EFBC}") = "YoutubeViewers.WPF", "YoutubeViewers.WFP\YoutubeViewers.WPF.csproj", "{A5F5B396-3D90-43EF-ADE9-EA6F2E9870AD}"
EndProject
Global
	GlobalSection(SolutionConfigurationPlatforms) = preSolution
		Debug|Any CPU = Debug|Any CPU
		Release|Any CPU = Release|Any CPU
	EndGlobalSection
	GlobalSection(ProjectConfigurationPlatforms) = postSolution
		{A5F5B396-3D90-43EF-ADE9-EA6F2E9870AD}.Debug|Any CPU.ActiveCfg = Debug|Any CPU
		{A5F5B396-3D90-43EF-ADE9-EA6F2E9870AD}.Debug|Any CPU.Build.0 = Debug|Any CPU
		{A5F5B396-3D90-43EF-ADE9-EA6F2E9870AD}.Release|Any CPU.ActiveCfg = Release|Any CPU
		{A5F5B396-3D90-43EF-ADE9-EA6F2E9870AD}.Release|Any CPU.Build.0 = Release|Any CPU
	EndGlobalSection
	GlobalSection(SolutionProperties) = preSolution
		HideSolutionNode = FALSE
	EndGlobalSection
	GlobalSection(ExtensibilityGlobals) = postSolution
		SolutionGuid = {5C3542B3-CC94-4638-B2F4-18C9FAE166E3}
	EndGlobalSection
EndGlobal
